
Microsoft Visual Studio Solution File, Format Version 12.00
# Visual Studio Version 17
VisualStudioVersion = 17.6.33723.286
MinimumVisualStudioVersion = 10.0.40219.1
Project("{FAE04EC0-301F-11D3-BF4B-00C04F79EFBC}") = "MedScheduler", "MedScheduler\MedScheduler.csproj", "{199B35E8-3CA0-43D9-877B-A8737F99FA8E}"
EndProject
Global
	GlobalSection(SolutionConfigurationPlatforms) = preSolution
		Debug|Any CPU = Debug|Any CPU
		Release|Any CPU = Release|Any CPU
	EndGlobalSection
	GlobalSection(ProjectConfigurationPlatforms) = postSolution
		{199B35E8-3CA0-43D9-877B-A8737F99FA8E}.Debug|Any CPU.ActiveCfg = Debug|Any CPU
		{199B35E8-3CA0-43D9-877B-A8737F99FA8E}.Debug|Any CPU.Build.0 = Debug|Any CPU
		{199B35E8-3CA0-43D9-877B-A8737F99FA8E}.Release|Any CPU.ActiveCfg = Release|Any CPU
		{199B35E8-3CA0-43D9-877B-A8737F99FA8E}.Release|Any CPU.Build.0 = Release|Any CPU
	EndGlobalSection
	GlobalSection(SolutionProperties) = preSolution
		HideSolutionNode = FALSE
	EndGlobalSection
	GlobalSection(ExtensibilityGlobals) = postSolution
		SolutionGuid = {50ED9EEC-4844-49A3-97AD-36EA68A958A9}
	EndGlobalSection
EndGlobal
